
Microsoft Visual Studio Solution File, Format Version 12.00
# Visual Studio Version 17
VisualStudioVersion = 17.3.32901.215
MinimumVisualStudioVersion = 10.0.40219.1
Project("{2150E333-8FDC-42A3-9474-1A3956D46DE8}") = "src", "src", "{53516668-0C47-4A70-9A64-F85F4BEB3525}"
EndProject
Project("{2150E333-8FDC-42A3-9474-1A3956D46DE8}") = "kodlamaioDevs", "kodlamaioDevs", "{88791A81-8E67-48E9-A41E-F6615B419F45}"
EndProject
Project("{9A19103F-16F7-4668-BE54-9A1E7A4F7556}") = "Application", "src\kodlamaioDevs\Application\Application.csproj", "{6ECB2CF6-FDFD-4F66-AB2F-83E6031784E8}"
EndProject
Project("{9A19103F-16F7-4668-BE54-9A1E7A4F7556}") = "Domain", "src\kodlamaioDevs\Domain\Domain.csproj", "{B07B18D6-5212-41FD-B4B4-9E7084499F0C}"
EndProject
Project("{9A19103F-16F7-4668-BE54-9A1E7A4F7556}") = "Infrastructure", "src\kodlamaioDevs\Infrastructure\Infrastructure.csproj", "{9D53A1D0-1B4D-40B5-A9A2-0692277D1E2E}"
EndProject
Project("{9A19103F-16F7-4668-BE54-9A1E7A4F7556}") = "Persistence", "src\kodlamaioDevs\Persistence\Persistence.csproj", "{70F213BE-FF04-480D-A136-C5517FB9ED45}"
EndProject
Project("{9A19103F-16F7-4668-BE54-9A1E7A4F7556}") = "WebAPI", "src\kodlamaioDevs\WebAPI\WebAPI.csproj", "{C43AB64F-CE75-48EB-940A-55A7FACDBD3B}"
EndProject
Project("{2150E333-8FDC-42A3-9474-1A3956D46DE8}") = "corePackages", "corePackages", "{31A969F1-73CD-4DBE-8308-38A5411430F3}"
EndProject
Project("{FAE04EC0-301F-11D3-BF4B-00C04F79EFBC}") = "Core.Application", "src\corePackages\Core.Application\Core.Application.csproj", "{F51F8036-238D-4A8E-88A8-64B23CAFF5B4}"
EndProject
Project("{FAE04EC0-301F-11D3-BF4B-00C04F79EFBC}") = "Core.ElasticSearch", "src\corePackages\Core.ElasticSearch\Core.ElasticSearch.csproj", "{2122D463-3F14-4D9D-9728-FFD73F041001}"
EndProject
Project("{FAE04EC0-301F-11D3-BF4B-00C04F79EFBC}") = "Core.Mailing", "src\corePackages\Core.Mailing\Core.Mailing.csproj", "{5DF5F319-B61A-4B07-AF53-5299C62DAA41}"
EndProject
Project("{FAE04EC0-301F-11D3-BF4B-00C04F79EFBC}") = "Core.Persistence", "src\corePackages\Core.Persistence\Core.Persistence.csproj", "{AF2C09AA-78AC-42D6-AD92-B479C8A0BCC3}"
EndProject
Project("{FAE04EC0-301F-11D3-BF4B-00C04F79EFBC}") = "Core.Security", "src\corePackages\Core.Security\Core.Security.csproj", "{A63B9E8D-6597-4772-940E-7C36D927A80F}"
EndProject
Project("{FAE04EC0-301F-11D3-BF4B-00C04F79EFBC}") = "Core.CrossCuttingConcers", "src\corePackages\Core.CrossCuttingConcers\Core.CrossCuttingConcers.csproj", "{35E142A0-E04A-46E2-AE59-0D1E8A2F1E27}"
EndProject
Global
	GlobalSection(SolutionConfigurationPlatforms) = preSolution
		Debug|Any CPU = Debug|Any CPU
		Release|Any CPU = Release|Any CPU
	EndGlobalSection
	GlobalSection(ProjectConfigurationPlatforms) = postSolution
		{6ECB2CF6-FDFD-4F66-AB2F-83E6031784E8}.Debug|Any CPU.ActiveCfg = Debug|Any CPU
		{6ECB2CF6-FDFD-4F66-AB2F-83E6031784E8}.Debug|Any CPU.Build.0 = Debug|Any CPU
		{6ECB2CF6-FDFD-4F66-AB2F-83E6031784E8}.Release|Any CPU.ActiveCfg = Release|Any CPU
		{6ECB2CF6-FDFD-4F66-AB2F-83E6031784E8}.Release|Any CPU.Build.0 = Release|Any CPU
		{B07B18D6-5212-41FD-B4B4-9E7084499F0C}.Debug|Any CPU.ActiveCfg = Debug|Any CPU
		{B07B18D6-5212-41FD-B4B4-9E7084499F0C}.Debug|Any CPU.Build.0 = Debug|Any CPU
		{B07B18D6-5212-41FD-B4B4-9E7084499F0C}.Release|Any CPU.ActiveCfg = Release|Any CPU
		{B07B18D6-5212-41FD-B4B4-9E7084499F0C}.Release|Any CPU.Build.0 = Release|Any CPU
		{9D53A1D0-1B4D-40B5-A9A2-0692277D1E2E}.Debug|Any CPU.ActiveCfg = Debug|Any CPU
		{9D53A1D0-1B4D-40B5-A9A2-0692277D1E2E}.Debug|Any CPU.Build.0 = Debug|Any CPU
		{9D53A1D0-1B4D-40B5-A9A2-0692277D1E2E}.Release|Any CPU.ActiveCfg = Release|Any CPU
		{9D53A1D0-1B4D-40B5-A9A2-0692277D1E2E}.Release|Any CPU.Build.0 = Release|Any CPU
		{70F213BE-FF04-480D-A136-C5517FB9ED45}.Debug|Any CPU.ActiveCfg = Debug|Any CPU
		{70F213BE-FF04-480D-A136-C5517FB9ED45}.Debug|Any CPU.Build.0 = Debug|Any CPU
		{70F213BE-FF04-480D-A136-C5517FB9ED45}.Release|Any CPU.ActiveCfg = Release|Any CPU
		{70F213BE-FF04-480D-A136-C5517FB9ED45}.Release|Any CPU.Build.0 = Release|Any CPU
		{C43AB64F-CE75-48EB-940A-55A7FACDBD3B}.Debug|Any CPU.ActiveCfg = Debug|Any CPU
		{C43AB64F-CE75-48EB-940A-55A7FACDBD3B}.Debug|Any CPU.Build.0 = Debug|Any CPU
		{C43AB64F-CE75-48EB-940A-55A7FACDBD3B}.Release|Any CPU.ActiveCfg = Release|Any CPU
		{C43AB64F-CE75-48EB-940A-55A7FACDBD3B}.Release|Any CPU.Build.0 = Release|Any CPU
		{F51F8036-238D-4A8E-88A8-64B23CAFF5B4}.Debug|Any CPU.ActiveCfg = Debug|Any CPU
		{F51F8036-238D-4A8E-88A8-64B23CAFF5B4}.Debug|Any CPU.Build.0 = Debug|Any CPU
		{F51F8036-238D-4A8E-88A8-64B23CAFF5B4}.Release|Any CPU.ActiveCfg = Release|Any CPU
		{F51F8036-238D-4A8E-88A8-64B23CAFF5B4}.Release|Any CPU.Build.0 = Release|Any CPU
		{2122D463-3F14-4D9D-9728-FFD73F041001}.Debug|Any CPU.ActiveCfg = Debug|Any CPU
		{2122D463-3F14-4D9D-9728-FFD73F041001}.Debug|Any CPU.Build.0 = Debug|Any CPU
		{2122D463-3F14-4D9D-9728-FFD73F041001}.Release|Any CPU.ActiveCfg = Release|Any CPU
		{2122D463-3F14-4D9D-9728-FFD73F041001}.Release|Any CPU.Build.0 = Release|Any CPU
		{5DF5F319-B61A-4B07-AF53-5299C62DAA41}.Debug|Any CPU.ActiveCfg = Debug|Any CPU
		{5DF5F319-B61A-4B07-AF53-5299C62DAA41}.Debug|Any CPU.Build.0 = Debug|Any CPU
		{5DF5F319-B61A-4B07-AF53-5299C62DAA41}.Release|Any CPU.ActiveCfg = Release|Any CPU
		{5DF5F319-B61A-4B07-AF53-5299C62DAA41}.Release|Any CPU.Build.0 = Release|Any CPU
		{AF2C09AA-78AC-42D6-AD92-B479C8A0BCC3}.Debug|Any CPU.ActiveCfg = Debug|Any CPU
		{AF2C09AA-78AC-42D6-AD92-B479C8A0BCC3}.Debug|Any CPU.Build.0 = Debug|Any CPU
		{AF2C09AA-78AC-42D6-AD92-B479C8A0BCC3}.Release|Any CPU.ActiveCfg = Release|Any CPU
		{AF2C09AA-78AC-42D6-AD92-B479C8A0BCC3}.Release|Any CPU.Build.0 = Release|Any CPU
		{A63B9E8D-6597-4772-940E-7C36D927A80F}.Debug|Any CPU.ActiveCfg = Debug|Any CPU
		{A63B9E8D-6597-4772-940E-7C36D927A80F}.Debug|Any CPU.Build.0 = Debug|Any CPU
		{A63B9E8D-6597-4772-940E-7C36D927A80F}.Release|Any CPU.ActiveCfg = Release|Any CPU
		{A63B9E8D-6597-4772-940E-7C36D927A80F}.Release|Any CPU.Build.0 = Release|Any CPU
		{35E142A0-E04A-46E2-AE59-0D1E8A2F1E27}.Debug|Any CPU.ActiveCfg = Debug|Any CPU
		{35E142A0-E04A-46E2-AE59-0D1E8A2F1E27}.Debug|Any CPU.Build.0 = Debug|Any CPU
		{35E142A0-E04A-46E2-AE59-0D1E8A2F1E27}.Release|Any CPU.ActiveCfg = Release|Any CPU
		{35E142A0-E04A-46E2-AE59-0D1E8A2F1E27}.Release|Any CPU.Build.0 = Release|Any CPU
	EndGlobalSection
	GlobalSection(SolutionProperties) = preSolution
		HideSolutionNode = FALSE
	EndGlobalSection
	GlobalSection(NestedProjects) = preSolution
		{88791A81-8E67-48E9-A41E-F6615B419F45} = {53516668-0C47-4A70-9A64-F85F4BEB3525}
		{6ECB2CF6-FDFD-4F66-AB2F-83E6031784E8} = {88791A81-8E67-48E9-A41E-F6615B419F45}
		{B07B18D6-5212-41FD-B4B4-9E7084499F0C} = {88791A81-8E67-48E9-A41E-F6615B419F45}
		{9D53A1D0-1B4D-40B5-A9A2-0692277D1E2E} = {88791A81-8E67-48E9-A41E-F6615B419F45}
		{70F213BE-FF04-480D-A136-C5517FB9ED45} = {88791A81-8E67-48E9-A41E-F6615B419F45}
		{C43AB64F-CE75-48EB-940A-55A7FACDBD3B} = {88791A81-8E67-48E9-A41E-F6615B419F45}
		{31A969F1-73CD-4DBE-8308-38A5411430F3} = {53516668-0C47-4A70-9A64-F85F4BEB3525}
		{F51F8036-238D-4A8E-88A8-64B23CAFF5B4} = {31A969F1-73CD-4DBE-8308-38A5411430F3}
		{2122D463-3F14-4D9D-9728-FFD73F041001} = {31A969F1-73CD-4DBE-8308-38A5411430F3}
		{5DF5F319-B61A-4B07-AF53-5299C62DAA41} = {31A969F1-73CD-4DBE-8308-38A5411430F3}
		{AF2C09AA-78AC-42D6-AD92-B479C8A0BCC3} = {31A969F1-73CD-4DBE-8308-38A5411430F3}
		{A63B9E8D-6597-4772-940E-7C36D927A80F} = {31A969F1-73CD-4DBE-8308-38A5411430F3}
		{35E142A0-E04A-46E2-AE59-0D1E8A2F1E27} = {31A969F1-73CD-4DBE-8308-38A5411430F3}
	EndGlobalSection
	GlobalSection(ExtensibilityGlobals) = postSolution
		SolutionGuid = {7FF97082-C6EA-4CB2-822E-3CB4E1516BAE}
	EndGlobalSection
EndGlobal
